
Microsoft Visual Studio Solution File, Format Version 12.00
# Visual Studio Version 17
VisualStudioVersion = 17.0.31903.59
MinimumVisualStudioVersion = 10.0.40219.1
Project("{FAE04EC0-301F-11D3-BF4B-00C04F79EFBC}") = "LoopAnalyzer", "src\LoopAnalyzer.csproj", "{EB070DED-F2E2-4EE2-BCE0-501E17B7B04B}"
EndProject
Project("{FAE04EC0-301F-11D3-BF4B-00C04F79EFBC}") = "LoopAnalyzer.Test", "test\LoopAnalyzer.Test.csproj", "{0435105F-6C60-4466-8A6E-E9B4FA92D517}"
EndProject
Project("{FAE04EC0-301F-11D3-BF4B-00C04F79EFBC}") = "LoopAnalyzer.Benchmark", "benchmark\LoopAnalyzer.Benchmark.csproj", "{1B52943E-4A60-400C-8B22-81FC85A831FF}"
EndProject
Global
	GlobalSection(SolutionConfigurationPlatforms) = preSolution
		Debug|Any CPU = Debug|Any CPU
		Release|Any CPU = Release|Any CPU
	EndGlobalSection
	GlobalSection(SolutionProperties) = preSolution
		HideSolutionNode = FALSE
	EndGlobalSection
	GlobalSection(ProjectConfigurationPlatforms) = postSolution
		{EB070DED-F2E2-4EE2-BCE0-501E17B7B04B}.Debug|Any CPU.ActiveCfg = Debug|Any CPU
		{EB070DED-F2E2-4EE2-BCE0-501E17B7B04B}.Debug|Any CPU.Build.0 = Debug|Any CPU
		{EB070DED-F2E2-4EE2-BCE0-501E17B7B04B}.Release|Any CPU.ActiveCfg = Release|Any CPU
		{EB070DED-F2E2-4EE2-BCE0-501E17B7B04B}.Release|Any CPU.Build.0 = Release|Any CPU
		{0435105F-6C60-4466-8A6E-E9B4FA92D517}.Debug|Any CPU.ActiveCfg = Debug|Any CPU
		{0435105F-6C60-4466-8A6E-E9B4FA92D517}.Debug|Any CPU.Build.0 = Debug|Any CPU
		{0435105F-6C60-4466-8A6E-E9B4FA92D517}.Release|Any CPU.ActiveCfg = Release|Any CPU
		{0435105F-6C60-4466-8A6E-E9B4FA92D517}.Release|Any CPU.Build.0 = Release|Any CPU
		{1B52943E-4A60-400C-8B22-81FC85A831FF}.Debug|Any CPU.ActiveCfg = Debug|Any CPU
		{1B52943E-4A60-400C-8B22-81FC85A831FF}.Debug|Any CPU.Build.0 = Debug|Any CPU
		{1B52943E-4A60-400C-8B22-81FC85A831FF}.Release|Any CPU.ActiveCfg = Release|Any CPU
		{1B52943E-4A60-400C-8B22-81FC85A831FF}.Release|Any CPU.Build.0 = Release|Any CPU
	EndGlobalSection
EndGlobal
